
Microsoft Visual Studio Solution File, Format Version 12.00
# Visual Studio Version 16
VisualStudioVersion = 16.0.32929.386
MinimumVisualStudioVersion = 10.0.40219.1
Project("{FAE04EC0-301F-11D3-BF4B-00C04F79EFBC}") = "PMISAppLayer", "PMISAppLayer\PMISAppLayer.csproj", "{7958FD0A-BC7A-4C12-9B8E-E2DF83656848}"
EndProject
Project("{FAE04EC0-301F-11D3-BF4B-00C04F79EFBC}") = "PMISBLayer", "PMISBLayer\PMISBLayer.csproj", "{417BF505-1622-44E2-8E7C-814C436E3C92}"
EndProject
Global
	GlobalSection(SolutionConfigurationPlatforms) = preSolution
		Debug|Any CPU = Debug|Any CPU
		Release|Any CPU = Release|Any CPU
	EndGlobalSection
	GlobalSection(ProjectConfigurationPlatforms) = postSolution
		{7958FD0A-BC7A-4C12-9B8E-E2DF83656848}.Debug|Any CPU.ActiveCfg = Debug|Any CPU
		{7958FD0A-BC7A-4C12-9B8E-E2DF83656848}.Debug|Any CPU.Build.0 = Debug|Any CPU
		{7958FD0A-BC7A-4C12-9B8E-E2DF83656848}.Release|Any CPU.ActiveCfg = Release|Any CPU
		{7958FD0A-BC7A-4C12-9B8E-E2DF83656848}.Release|Any CPU.Build.0 = Release|Any CPU
		{417BF505-1622-44E2-8E7C-814C436E3C92}.Debug|Any CPU.ActiveCfg = Debug|Any CPU
		{417BF505-1622-44E2-8E7C-814C436E3C92}.Debug|Any CPU.Build.0 = Debug|Any CPU
		{417BF505-1622-44E2-8E7C-814C436E3C92}.Release|Any CPU.ActiveCfg = Release|Any CPU
		{417BF505-1622-44E2-8E7C-814C436E3C92}.Release|Any CPU.Build.0 = Release|Any CPU
	EndGlobalSection
	GlobalSection(SolutionProperties) = preSolution
		HideSolutionNode = FALSE
	EndGlobalSection
	GlobalSection(ExtensibilityGlobals) = postSolution
		SolutionGuid = {9477EF78-5F96-43DC-95E9-F9F0C85C7B0C}
	EndGlobalSection
EndGlobal
